
Microsoft Visual Studio Solution File, Format Version 12.00
# Visual Studio Version 17
VisualStudioVersion = 17.0.32002.185
MinimumVisualStudioVersion = 10.0.40219.1
Project("{FAE04EC0-301F-11D3-BF4B-00C04F79EFBC}") = "BlocoUsing", "BlocoUsing.csproj", "{77A97534-CE70-426D-8056-396C2B89AB19}"
EndProject
Global
	GlobalSection(SolutionConfigurationPlatforms) = preSolution
		Debug|Any CPU = Debug|Any CPU
		Release|Any CPU = Release|Any CPU
	EndGlobalSection
	GlobalSection(ProjectConfigurationPlatforms) = postSolution
		{77A97534-CE70-426D-8056-396C2B89AB19}.Debug|Any CPU.ActiveCfg = Debug|Any CPU
		{77A97534-CE70-426D-8056-396C2B89AB19}.Debug|Any CPU.Build.0 = Debug|Any CPU
		{77A97534-CE70-426D-8056-396C2B89AB19}.Release|Any CPU.ActiveCfg = Release|Any CPU
		{77A97534-CE70-426D-8056-396C2B89AB19}.Release|Any CPU.Build.0 = Release|Any CPU
	EndGlobalSection
	GlobalSection(SolutionProperties) = preSolution
		HideSolutionNode = FALSE
	EndGlobalSection
	GlobalSection(ExtensibilityGlobals) = postSolution
		SolutionGuid = {EF9633ED-7494-474A-9B7E-11C9174EF9F1}
	EndGlobalSection
EndGlobal
